// !$*UTF8*$!
{
	archiveVersion = 1;
	classes = {
	};
	objectVersion = 46;
	objects = {

/* Begin PBXBuildFile section */
		94A062A71CA381880059B360 /* main.m in Sources */ = {isa = PBXBuildFile; fileRef = 94A062A61CA381880059B360 /* main.m */; };
		94A062AA1CA381880059B360 /* AppDelegate.m in Sources */ = {isa = PBXBuildFile; fileRef = 94A062A91CA381880059B360 /* AppDelegate.m */; };
		94A062AD1CA381880059B360 /* ViewController.m in Sources */ = {isa = PBXBuildFile; fileRef = 94A062AC1CA381880059B360 /* ViewController.m */; };
		94A062B01CA381880059B360 /* Main.storyboard in Resources */ = {isa = PBXBuildFile; fileRef = 94A062AE1CA381880059B360 /* Main.storyboard */; };
		94A062B21CA381880059B360 /* Assets.xcassets in Resources */ = {isa = PBXBuildFile; fileRef = 94A062B11CA381880059B360 /* Assets.xcassets */; };
		94A062B51CA381880059B360 /* LaunchScreen.storyboard in Resources */ = {isa = PBXBuildFile; fileRef = 94A062B31CA381880059B360 /* LaunchScreen.storyboard */; };
		94A062C01CA381880059B360 /* ChainCalculatorTests.m in Sources */ = {isa = PBXBuildFile; fileRef = 94A062BF1CA381880059B360 /* ChainCalculatorTests.m */; };
		94A062CB1CA381880059B360 /* ChainCalculatorUITests.m in Sources */ = {isa = PBXBuildFile; fileRef = 94A062CA1CA381880059B360 /* ChainCalculatorUITests.m */; };
		94A062DA1CA381A90059B360 /* NSObject+ChainCalculator.m in Sources */ = {isa = PBXBuildFile; fileRef = 94A062D91CA381A90059B360 /* NSObject+ChainCalculator.m */; };
		94A062DD1CA381DF0059B360 /* ChainCalculator.m in Sources */ = {isa = PBXBuildFile; fileRef = 94A062DC1CA381DF0059B360 /* ChainCalculator.m */; };
/* End PBXBuildFile section */

/* Begin PBXContainerItemProxy section */
		94A062BC1CA381880059B360 /* PBXContainerItemProxy */ = {
			isa = PBXContainerItemProxy;
			containerPortal = 94A0629A1CA381880059B360 /* Project object */;
			proxyType = 1;
			remoteGlobalIDString = 94A062A11CA381880059B360;
			remoteInfo = ChainCalculator;
		};
		94A062C71CA381880059B360 /* PBXContainerItemProxy */ = {
			isa = PBXContainerItemProxy;
			containerPortal = 94A0629A1CA381880059B360 /* Project object */;
			proxyType = 1;
			remoteGlobalIDString = 94A062A11CA381880059B360;
			remoteInfo = ChainCalculator;
		};
/* End PBXContainerItemProxy section */

/* Begin PBXFileReference section */
		94A062A21CA381880059B360 /* ChainCalculator.app */ = {isa = PBXFileReference; explicitFileType = wrapper.application; includeInIndex = 0; path = ChainCalculator.app; sourceTree = BUILT_PRODUCTS_DIR; };
		94A062A61CA381880059B360 /* main.m */ = {isa = PBXFileReference; lastKnownFileType = sourcecode.c.objc; path = main.m; sourceTree = "<group>"; };
		94A062A81CA381880059B360 /* AppDelegate.h */ = {isa = PBXFileReference; lastKnownFileType = sourcecode.c.h; path = AppDelegate.h; sourceTree = "<group>"; };
		94A062A91CA381880059B360 /* AppDelegate.m */ = {isa = PBXFileReference; lastKnownFileType = sourcecode.c.objc; path = AppDelegate.m; sourceTree = "<group>"; };
		94A062AB1CA381880059B360 /* ViewController.h */ = {isa = PBXFileReference; lastKnownFileType = sourcecode.c.h; path = ViewController.h; sourceTree = "<group>"; };
		94A062AC1CA381880059B360 /* ViewController.m */ = {isa = PBXFileReference; lastKnownFileType = sourcecode.c.objc; path = ViewController.m; sourceTree = "<group>"; };
		94A062AF1CA381880059B360 /* Base */ = {isa = PBXFileReference; lastKnownFileType = file.storyboard; name = Base; path = Base.lproj/Main.storyboard; sourceTree = "<group>"; };
		94A062B11CA381880059B360 /* Assets.xcassets */ = {isa = PBXFileReference; lastKnownFileType = folder.assetcatalog; path = Assets.xcassets; sourceTree = "<group>"; };
		94A062B41CA381880059B360 /* Base */ = {isa = PBXFileReference; lastKnownFileType = file.storyboard; name = Base; path = Base.lproj/LaunchScreen.storyboard; sourceTree = "<group>"; };
		94A062B61CA381880059B360 /* Info.plist */ = {isa = PBXFileReference; lastKnownFileType = text.plist.xml; path = Info.plist; sourceTree = "<group>"; };
		94A062BB1CA381880059B360 /* ChainCalculatorTests.xctest */ = {isa = PBXFileReference; explicitFileType = wrapper.cfbundle; includeInIndex = 0; path = ChainCalculatorTests.xctest; sourceTree = BUILT_PRODUCTS_DIR; };
		94A062BF1CA381880059B360 /* ChainCalculatorTests.m */ = {isa = PBXFileReference; lastKnownFileType = sourcecode.c.objc; path = ChainCalculatorTests.m; sourceTree = "<group>"; };
		94A062C11CA381880059B360 /* Info.plist */ = {isa = PBXFileReference; lastKnownFileType = text.plist.xml; path = Info.plist; sourceTree = "<group>"; };
		94A062C61CA381880059B360 /* ChainCalculatorUITests.xctest */ = {isa = PBXFileReference; explicitFileType = wrapper.cfbundle; includeInIndex = 0; path = ChainCalculatorUITests.xctest; sourceTree = BUILT_PRODUCTS_DIR; };
		94A062CA1CA381880059B360 /* ChainCalculatorUITests.m */ = {isa = PBXFileReference; lastKnownFileType = sourcecode.c.objc; path = ChainCalculatorUITests.m; sourceTree = "<group>"; };
		94A062CC1CA381880059B360 /* Info.plist */ = {isa = PBXFileReference; lastKnownFileType = text.plist.xml; path = Info.plist; sourceTree = "<group>"; };
		94A062D81CA381A90059B360 /* NSObject+ChainCalculator.h */ = {isa = PBXFileReference; fileEncoding = 4; lastKnownFileType = sourcecode.c.h; path = "NSObject+ChainCalculator.h"; sourceTree = "<group>"; };
		94A062D91CA381A90059B360 /* NSObject+ChainCalculator.m */ = {isa = PBXFileReference; fileEncoding = 4; lastKnownFileType = sourcecode.c.objc; path = "NSObject+ChainCalculator.m"; sourceTree = "<group>"; };
		94A062DB1CA381DF0059B360 /* ChainCalculator.h */ = {isa = PBXFileReference; fileEncoding = 4; lastKnownFileType = sourcecode.c.h; path = ChainCalculator.h; sourceTree = "<group>"; };
		94A062DC1CA381DF0059B360 /* ChainCalculator.m */ = {isa = PBXFileReference; fileEncoding = 4; lastKnownFileType = sourcecode.c.objc; path = ChainCalculator.m; sourceTree = "<group>"; };
/* End PBXFileReference section */

/* Begin PBXFrameworksBuildPhase section */
		94A0629F1CA381880059B360 /* Frameworks */ = {
			isa = PBXFrameworksBuildPhase;
			buildActionMask = 2147483647;
			files = (
			);
			runOnlyForDeploymentPostprocessing = 0;
		};
		94A062B81CA381880059B360 /* Frameworks */ = {
			isa = PBXFrameworksBuildPhase;
			buildActionMask = 2147483647;
			files = (
			);
			runOnlyForDeploymentPostprocessing = 0;
		};
		94A062C31CA381880059B360 /* Frameworks */ = {
			isa = PBXFrameworksBuildPhase;
			buildActionMask = 2147483647;
			files = (
			);
			runOnlyForDeploymentPostprocessing = 0;
		};
/* End PBXFrameworksBuildPhase section */

/* Begin PBXGroup section */
		94A062991CA381880059B360 = {
			isa = PBXGroup;
			children = (
				94A062A41CA381880059B360 /* ChainCalculator */,
				94A062BE1CA381880059B360 /* ChainCalculatorTests */,
				94A062C91CA381880059B360 /* ChainCalculatorUITests */,
				94A062A31CA381880059B360 /* Products */,
			);
			sourceTree = "<group>";
		};
		94A062A31CA381880059B360 /* Products */ = {
			isa = PBXGroup;
			children = (
				94A062A21CA381880059B360 /* ChainCalculator.app */,
				94A062BB1CA381880059B360 /* ChainCalculatorTests.xctest */,
				94A062C61CA381880059B360 /* ChainCalculatorUITests.xctest */,
			);
			name = Products;
			sourceTree = "<group>";
		};
		94A062A41CA381880059B360 /* ChainCalculator */ = {
			isa = PBXGroup;
			children = (
				94A062A81CA381880059B360 /* AppDelegate.h */,
				94A062A91CA381880059B360 /* AppDelegate.m */,
				94A062AB1CA381880059B360 /* ViewController.h */,
				94A062AC1CA381880059B360 /* ViewController.m */,
				94A062AE1CA381880059B360 /* Main.storyboard */,
				94A062B11CA381880059B360 /* Assets.xcassets */,
				94A062B31CA381880059B360 /* LaunchScreen.storyboard */,
				94A062B61CA381880059B360 /* Info.plist */,
				94A062A51CA381880059B360 /* Supporting Files */,
				94A062D81CA381A90059B360 /* NSObject+ChainCalculator.h */,
				94A062D91CA381A90059B360 /* NSObject+ChainCalculator.m */,
				94A062DB1CA381DF0059B360 /* ChainCalculator.h */,
				94A062DC1CA381DF0059B360 /* ChainCalculator.m */,
			);
			path = ChainCalculator;
			sourceTree = "<group>";
		};
		94A062A51CA381880059B360 /* Supporting Files */ = {
			isa = PBXGroup;
			children = (
				94A062A61CA381880059B360 /* main.m */,
			);
			name = "Supporting Files";
			sourceTree = "<group>";
		};
		94A062BE1CA381880059B360 /* ChainCalculatorTests */ = {
			isa = PBXGroup;
			children = (
				94A062BF1CA381880059B360 /* ChainCalculatorTests.m */,
				94A062C11CA381880059B360 /* Info.plist */,
			);
			path = ChainCalculatorTests;
			sourceTree = "<group>";
		};
		94A062C91CA381880059B360 /* ChainCalculatorUITests */ = {
			isa = PBXGroup;
			children = (
				94A062CA1CA381880059B360 /* ChainCalculatorUITests.m */,
				94A062CC1CA381880059B360 /* Info.plist */,
			);
			path = ChainCalculatorUITests;
			sourceTree = "<group>";
		};
/* End PBXGroup section */

/* Begin PBXNativeTarget section */
		94A062A11CA381880059B360 /* ChainCalculator */ = {
			isa = PBXNativeTarget;
			buildConfigurationList = 94A062CF1CA381880059B360 /* Build configuration list for PBXNativeTarget "ChainCalculator" */;
			buildPhases = (
				94A0629E1CA381880059B360 /* Sources */,
				94A0629F1CA381880059B360 /* Frameworks */,
				94A062A01CA381880059B360 /* Resources */,
			);
			buildRules = (
			);
			dependencies = (
			);
			name = ChainCalculator;
			productName = ChainCalculator;
			productReference = 94A062A21CA381880059B360 /* ChainCalculator.app */;
			productType = "com.apple.product-type.application";
		};
		94A062BA1CA381880059B360 /* ChainCalculatorTests */ = {
			isa = PBXNativeTarget;
			buildConfigurationList = 94A062D21CA381880059B360 /* Build configuration list for PBXNativeTarget "ChainCalculatorTests" */;
			buildPhases = (
				94A062B71CA381880059B360 /* Sources */,
				94A062B81CA381880059B360 /* Frameworks */,
				94A062B91CA381880059B360 /* Resources */,
			);
			buildRules = (
			);
			dependencies = (
				94A062BD1CA381880059B360 /* PBXTargetDependency */,
			);
			name = ChainCalculatorTests;
			productName = ChainCalculatorTests;
			productReference = 94A062BB1CA381880059B360 /* ChainCalculatorTests.xctest */;
			productType = "com.apple.product-type.bundle.unit-test";
		};
		94A062C51CA381880059B360 /* ChainCalculatorUITests */ = {
			isa = PBXNativeTarget;
			buildConfigurationList = 94A062D51CA381880059B360 /* Build configuration list for PBXNativeTarget "ChainCalculatorUITests" */;
			buildPhases = (
				94A062C21CA381880059B360 /* Sources */,
				94A062C31CA381880059B360 /* Frameworks */,
				94A062C41CA381880059B360 /* Resources */,
			);
			buildRules = (
			);
			dependencies = (
				94A062C81CA381880059B360 /* PBXTargetDependency */,
			);
			name = ChainCalculatorUITests;
			productName = ChainCalculatorUITests;
			productReference = 94A062C61CA381880059B360 /* ChainCalculatorUITests.xctest */;
			productType = "com.apple.product-type.bundle.ui-testing";
		};
/* End PBXNativeTarget section */

/* Begin PBXProject section */
		94A0629A1CA381880059B360 /* Project object */ = {
			isa = PBXProject;
			attributes = {
				LastUpgradeCheck = 0720;
				ORGANIZATIONNAME = SliderWater;
				TargetAttributes = {
					94A062A11CA381880059B360 = {
						CreatedOnToolsVersion = 7.2;
					};
					94A062BA1CA381880059B360 = {
						CreatedOnToolsVersion = 7.2;
						TestTargetID = 94A062A11CA381880059B360;
					};
					94A062C51CA381880059B360 = {
						CreatedOnToolsVersion = 7.2;
						TestTargetID = 94A062A11CA381880059B360;
					};
				};
			};
			buildConfigurationList = 94A0629D1CA381880059B360 /* Build configuration list for PBXProject "ChainCalculator" */;
			compatibilityVersion = "Xcode 3.2";
			developmentRegion = English;
			hasScannedForEncodings = 0;
			knownRegions = (
				en,
				Base,
			);
			mainGroup = 94A062991CA381880059B360;
			productRefGroup = 94A062A31CA381880059B360 /* Products */;
			projectDirPath = "";
			projectRoot = "";
			targets = (
				94A062A11CA381880059B360 /* ChainCalculator */,
				94A062BA1CA381880059B360 /* ChainCalculatorTests */,
				94A062C51CA381880059B360 /* ChainCalculatorUITests */,
			);
		};
/* End PBXProject section */

/* Begin PBXResourcesBuildPhase section */
		94A062A01CA381880059B360 /* Resources */ = {
			isa = PBXResourcesBuildPhase;
			buildActionMask = 2147483647;
			files = (
				94A062B51CA381880059B360 /* LaunchScreen.storyboard in Resources */,
				94A062B21CA381880059B360 /* Assets.xcassets in Resources */,
				94A062B01CA381880059B360 /* Main.storyboard in Resources */,
			);
			runOnlyForDeploymentPostprocessing = 0;
		};
		94A062B91CA381880059B360 /* Resources */ = {
			isa = PBXResourcesBuildPhase;
			buildActionMask = 2147483647;
			files = (
			);
			runOnlyForDeploymentPostprocessing = 0;
		};
		94A062C41CA381880059B360 /* Resources */ = {
			isa = PBXResourcesBuildPhase;
			buildActionMask = 2147483647;
			files = (
			);
			runOnlyForDeploymentPostprocessing = 0;
		};
/* End PBXResourcesBuildPhase section */

/* Begin PBXSourcesBuildPhase section */
		94A0629E1CA381880059B360 /* Sources */ = {
			isa = PBXSourcesBuildPhase;
			buildActionMask = 2147483647;
			files = (
				94A062AD1CA381880059B360 /* ViewController.m in Sources */,
				94A062DD1CA381DF0059B360 /* ChainCalculator.m in Sources */,
				94A062DA1CA381A90059B360 /* NSObject+ChainCalculator.m in Sources */,
				94A062AA1CA381880059B360 /* AppDelegate.m in Sources */,
				94A062A71CA381880059B360 /* main.m in Sources */,
			);
			runOnlyForDeploymentPostprocessing = 0;
		};
		94A062B71CA381880059B360 /* Sources */ = {
			isa = PBXSourcesBuildPhase;
			buildActionMask = 2147483647;
			files = (
				94A062C01CA381880059B360 /* ChainCalculatorTests.m in Sources */,
			);
			runOnlyForDeploymentPostprocessing = 0;
		};
		94A062C21CA381880059B360 /* Sources */ = {
			isa = PBXSourcesBuildPhase;
			buildActionMask = 2147483647;
			files = (
				94A062CB1CA381880059B360 /* ChainCalculatorUITests.m in Sources */,
			);
			runOnlyForDeploymentPostprocessing = 0;
		};
/* End PBXSourcesBuildPhase section */

/* Begin PBXTargetDependency section */
		94A062BD1CA381880059B360 /* PBXTargetDependency */ = {
			isa = PBXTargetDependency;
			target = 94A062A11CA381880059B360 /* ChainCalculator */;
			targetProxy = 94A062BC1CA381880059B360 /* PBXContainerItemProxy */;
		};
		94A062C81CA381880059B360 /* PBXTargetDependency */ = {
			isa = PBXTargetDependency;
			target = 94A062A11CA381880059B360 /* ChainCalculator */;
			targetProxy = 94A062C71CA381880059B360 /* PBXContainerItemProxy */;
		};
/* End PBXTargetDependency section */

/* Begin PBXVariantGroup section */
		94A062AE1CA381880059B360 /* Main.storyboard */ = {
			isa = PBXVariantGroup;
			children = (
				94A062AF1CA381880059B360 /* Base */,
			);
			name = Main.storyboard;
			sourceTree = "<group>";
		};
		94A062B31CA381880059B360 /* LaunchScreen.storyboard */ = {
			isa = PBXVariantGroup;
			children = (
				94A062B41CA381880059B360 /* Base */,
			);
			name = LaunchScreen.storyboard;
			sourceTree = "<group>";
		};
/* End PBXVariantGroup section */

/* Begin XCBuildConfiguration section */
		94A062CD1CA381880059B360 /* Debug */ = {
			isa = XCBuildConfiguration;
			buildSettings = {
				ALWAYS_SEARCH_USER_PATHS = NO;
				CLANG_CXX_LANGUAGE_STANDARD = "gnu++0x";
				CLANG_CXX_LIBRARY = "libc++";
				CLANG_ENABLE_MODULES = YES;
				CLANG_ENABLE_OBJC_ARC = YES;
				CLANG_WARN_BOOL_CONVERSION = YES;
				CLANG_WARN_CONSTANT_CONVERSION = YES;
				CLANG_WARN_DIRECT_OBJC_ISA_USAGE = YES_ERROR;
				CLANG_WARN_EMPTY_BODY = YES;
				CLANG_WARN_ENUM_CONVERSION = YES;
				CLANG_WARN_INT_CONVERSION = YES;
				CLANG_WARN_OBJC_ROOT_CLASS = YES_ERROR;
				CLANG_WARN_UNREACHABLE_CODE = YES;
				CLANG_WARN__DUPLICATE_METHOD_MATCH = YES;
				"CODE_SIGN_IDENTITY[sdk=iphoneos*]" = "iPhone Developer";
				COPY_PHASE_STRIP = NO;
				DEBUG_INFORMATION_FORMAT = dwarf;
				ENABLE_STRICT_OBJC_MSGSEND = YES;
				ENABLE_TESTABILITY = YES;
				GCC_C_LANGUAGE_STANDARD = gnu99;
				GCC_DYNAMIC_NO_PIC = NO;
				GCC_NO_COMMON_BLOCKS = YES;
				GCC_OPTIMIZATION_LEVEL = 0;
				GCC_PREPROCESSOR_DEFINITIONS = (
					"DEBUG=1",
					"$(inherited)",
				);
				GCC_WARN_64_TO_32_BIT_CONVERSION = YES;
				GCC_WARN_ABOUT_RETURN_TYPE = YES_ERROR;
				GCC_WARN_UNDECLARED_SELECTOR = YES;
				GCC_WARN_UNINITIALIZED_AUTOS = YES_AGGRESSIVE;
				GCC_WARN_UNUSED_FUNCTION = YES;
				GCC_WARN_UNUSED_VARIABLE = YES;
				IPHONEOS_DEPLOYMENT_TARGET = 9.2;
				MTL_ENABLE_DEBUG_INFO = YES;
				ONLY_ACTIVE_ARCH = YES;
				SDKROOT = iphoneos;
			};
			name = Debug;
		};
		94A062CE1CA381880059B360 /* Release */ = {
			isa = XCBuildConfiguration;
			buildSettings = {
				ALWAYS_SEARCH_USER_PATHS = NO;
				CLANG_CXX_LANGUAGE_STANDARD = "gnu++0x";
				CLANG_CXX_LIBRARY = "libc++";
				CLANG_ENABLE_MODULES = YES;
				CLANG_ENABLE_OBJC_ARC = YES;
				CLANG_WARN_BOOL_CONVERSION = YES;
				CLANG_WARN_CONSTANT_CONVERSION = YES;
				CLANG_WARN_DIRECT_OBJC_ISA_USAGE = YES_ERROR;
				CLANG_WARN_EMPTY_BODY = YES;
				CLANG_WARN_ENUM_CONVERSION = YES;
				CLANG_WARN_INT_CONVERSION = YES;
				CLANG_WARN_OBJC_ROOT_CLASS = YES_ERROR;
				CLANG_WARN_UNREACHABLE_CODE = YES;
				CLANG_WARN__DUPLICATE_METHOD_MATCH = YES;
				"CODE_SIGN_IDENTITY[sdk=iphoneos*]" = "iPhone Developer";
				COPY_PHASE_STRIP = NO;
				DEBUG_INFORMATION_FORMAT = "dwarf-with-dsym";
				ENABLE_NS_ASSERTIONS = NO;
				ENABLE_STRICT_OBJC_MSGSEND = YES;
				GCC_C_LANGUAGE_STANDARD = gnu99;
				GCC_NO_COMMON_BLOCKS = YES;
				GCC_WARN_64_TO_32_BIT_CONVERSION = YES;
				GCC_WARN_ABOUT_RETURN_TYPE = YES_ERROR;
				GCC_WARN_UNDECLARED_SELECTOR = YES;
				GCC_WARN_UNINITIALIZED_AUTOS = YES_AGGRESSIVE;
				GCC_WARN_UNUSED_FUNCTION = YES;
				GCC_WARN_UNUSED_VARIABLE = YES;
				IPHONEOS_DEPLOYMENT_TARGET = 9.2;
				MTL_ENABLE_DEBUG_INFO = NO;
				SDKROOT = iphoneos;
				VALIDATE_PRODUCT = YES;
			};
			name = Release;
		};
		94A062D01CA381880059B360 /* Debug */ = {
			isa = XCBuildConfiguration;
			buildSettings = {
				ASSETCATALOG_COMPILER_APPICON_NAME = AppIcon;
				INFOPLIST_FILE = ChainCalculator/Info.plist;
				LD_RUNPATH_SEARCH_PATHS = "$(inherited) @executable_path/Frameworks";
				PRODUCT_BUNDLE_IDENTIFIER = com.sliderwater.ChainCalculator;
				PRODUCT_NAME = "$(TARGET_NAME)";
			};
			name = Debug;
		};
		94A062D11CA381880059B360 /* Release */ = {
			isa = XCBuildConfiguration;
			buildSettings = {
				ASSETCATALOG_COMPILER_APPICON_NAME = AppIcon;
				INFOPLIST_FILE = ChainCalculator/Info.plist;
				LD_RUNPATH_SEARCH_PATHS = "$(inherited) @executable_path/Frameworks";
				PRODUCT_BUNDLE_IDENTIFIER = com.sliderwater.ChainCalculator;
				PRODUCT_NAME = "$(TARGET_NAME)";
			};
			name = Release;
		};
		94A062D31CA381880059B360 /* Debug */ = {
			isa = XCBuildConfiguration;
			buildSettings = {
				BUNDLE_LOADER = "$(TEST_HOST)";
				INFOPLIST_FILE = ChainCalculatorTests/Info.plist;
				LD_RUNPATH_SEARCH_PATHS = "$(inherited) @executable_path/Frameworks @loader_path/Frameworks";
				PRODUCT_BUNDLE_IDENTIFIER = com.sliderwater.ChainCalculatorTests;
				PRODUCT_NAME = "$(TARGET_NAME)";
				TEST_HOST = "$(BUILT_PRODUCTS_DIR)/ChainCalculator.app/ChainCalculator";
			};
			name = Debug;
		};
		94A062D41CA381880059B360 /* Release */ = {
			isa = XCBuildConfiguration;
			buildSettings = {
				BUNDLE_LOADER = "$(TEST_HOST)";
				INFOPLIST_FILE = ChainCalculatorTests/Info.plist;
				LD_RUNPATH_SEARCH_PATHS = "$(inherited) @executable_path/Frameworks @loader_path/Frameworks";
				PRODUCT_BUNDLE_IDENTIFIER = com.sliderwater.ChainCalculatorTests;
				PRODUCT_NAME = "$(TARGET_NAME)";
				TEST_HOST = "$(BUILT_PRODUCTS_DIR)/ChainCalculator.app/ChainCalculator";
			};
			name = Release;
		};
		94A062D61CA381880059B360 /* Debug */ = {
			isa = XCBuildConfiguration;
			buildSettings = {
				INFOPLIST_FILE = ChainCalculatorUITests/Info.plist;
				LD_RUNPATH_SEARCH_PATHS = "$(inherited) @executable_path/Frameworks @loader_path/Frameworks";
				PRODUCT_BUNDLE_IDENTIFIER = com.sliderwater.ChainCalculatorUITests;
				PRODUCT_NAME = "$(TARGET_NAME)";
				TEST_TARGET_NAME = ChainCalculator;
				USES_XCTRUNNER = YES;
			};
			name = Debug;
		};
		94A062D71CA381880059B360 /* Release */ = {
			isa = XCBuildConfiguration;
			buildSettings = {
				INFOPLIST_FILE = ChainCalculatorUITests/Info.plist;
				LD_RUNPATH_SEARCH_PATHS = "$(inherited) @executable_path/Frameworks @loader_path/Frameworks";
				PRODUCT_BUNDLE_IDENTIFIER = com.sliderwater.ChainCalculatorUITests;
				PRODUCT_NAME = "$(TARGET_NAME)";
				TEST_TARGET_NAME = ChainCalculator;
				USES_XCTRUNNER = YES;
			};
			name = Release;
		};
/* End XCBuildConfiguration section */

/* Begin XCConfigurationList section */
		94A0629D1CA381880059B360 /* Build configuration list for PBXProject "ChainCalculator" */ = {
			isa = XCConfigurationList;
			buildConfigurations = (
				94A062CD1CA381880059B360 /* Debug */,
				94A062CE1CA381880059B360 /* Release */,
			);
			defaultConfigurationIsVisible = 0;
			defaultConfigurationName = Release;
		};
		94A062CF1CA381880059B360 /* Build configuration list for PBXNativeTarget "ChainCalculator" */ = {
			isa = XCConfigurationList;
			buildConfigurations = (
				94A062D01CA381880059B360 /* Debug */,
				94A062D11CA381880059B360 /* Release */,
			);
			defaultConfigurationIsVisible = 0;
		};
		94A062D21CA381880059B360 /* Build configuration list for PBXNativeTarget "ChainCalculatorTests" */ = {
			isa = XCConfigurationList;
			buildConfigurations = (
				94A062D31CA381880059B360 /* Debug */,
				94A062D41CA381880059B360 /* Release */,
			);
			defaultConfigurationIsVisible = 0;
		};
		94A062D51CA381880059B360 /* Build configuration list for PBXNativeTarget "ChainCalculatorUITests" */ = {
			isa = XCConfigurationList;
			buildConfigurations = (
				94A062D61CA381880059B360 /* Debug */,
				94A062D71CA381880059B360 /* Release */,
			);
			defaultConfigurationIsVisible = 0;
		};
/* End XCConfigurationList section */
	};
	rootObject = 94A0629A1CA381880059B360 /* Project object */;
}
